
Microsoft Visual Studio Solution File, Format Version 12.00
# Visual Studio Version 16
VisualStudioVersion = 16.0.29123.88
MinimumVisualStudioVersion = 10.0.40219.1
Project("{9A19103F-16F7-4668-BE54-9A1E7A4F7556}") = "OutcomesFirst", "OutcomesFirst\OutcomesFirst.csproj", "{188EB3A7-D477-43AF-8748-D464D2AD2462}"
EndProject
Global
	GlobalSection(SolutionConfigurationPlatforms) = preSolution
		Debug|Any CPU = Debug|Any CPU
		Release|Any CPU = Release|Any CPU
	EndGlobalSection
	GlobalSection(ProjectConfigurationPlatforms) = postSolution
		{188EB3A7-D477-43AF-8748-D464D2AD2462}.Debug|Any CPU.ActiveCfg = Debug|Any CPU
		{188EB3A7-D477-43AF-8748-D464D2AD2462}.Debug|Any CPU.Build.0 = Debug|Any CPU
		{188EB3A7-D477-43AF-8748-D464D2AD2462}.Release|Any CPU.ActiveCfg = Release|Any CPU
		{188EB3A7-D477-43AF-8748-D464D2AD2462}.Release|Any CPU.Build.0 = Release|Any CPU
	EndGlobalSection
	GlobalSection(SolutionProperties) = preSolution
		HideSolutionNode = FALSE
	EndGlobalSection
	GlobalSection(ExtensibilityGlobals) = postSolution
		SolutionGuid = {B2BD130B-C350-4624-9A30-E0BB0AB212AB}
	EndGlobalSection
EndGlobal
